// !$*UTF8*$!
{
	archiveVersion = 1;
	classes = {
	};
	objectVersion = 45;
	objects = {

/* Begin PBXBuildFile section */
		0918E6D110F839FC00300130 /* sophie.mov in Resources */ = {isa = PBXBuildFile; fileRef = 0918E6D010F839FC00300130 /* sophie.mov */; };
		0921E14110FADAFB004EAA40 /* Utilities.m in Sources */ = {isa = PBXBuildFile; fileRef = 0921E14010FADAFB004EAA40 /* Utilities.m */; };
		0921E14610FADB97004EAA40 /* VideoFrameExtractor.m in Sources */ = {isa = PBXBuildFile; fileRef = 0921E14510FADB97004EAA40 /* VideoFrameExtractor.m */; };
		09A69709110EBE4100FE1DA8 /* libz.dylib in Frameworks */ = {isa = PBXBuildFile; fileRef = 09A69708110EBE4100FE1DA8 /* libz.dylib */; };
		09A69722110EC23900FE1DA8 /* Foundation.framework in Frameworks */ = {isa = PBXBuildFile; fileRef = 1D30AB110D05D00D00671497 /* Foundation.framework */; };
		09AC810411194F0D00AA6A88 /* libavcodec.a in Frameworks */ = {isa = PBXBuildFile; fileRef = 09AC80FF11194F0D00AA6A88 /* libavcodec.a */; };
		09AC810511194F0D00AA6A88 /* libavdevice.a in Frameworks */ = {isa = PBXBuildFile; fileRef = 09AC810011194F0D00AA6A88 /* libavdevice.a */; };
		09AC810611194F0D00AA6A88 /* libavformat.a in Frameworks */ = {isa = PBXBuildFile; fileRef = 09AC810111194F0D00AA6A88 /* libavformat.a */; };
		09AC810711194F0D00AA6A88 /* libavutil.a in Frameworks */ = {isa = PBXBuildFile; fileRef = 09AC810211194F0D00AA6A88 /* libavutil.a */; };
		09AC810811194F0D00AA6A88 /* libswscale.a in Frameworks */ = {isa = PBXBuildFile; fileRef = 09AC810311194F0D00AA6A88 /* libswscale.a */; };
		09F1D692110ED3AA00F50511 /* Default.png in Resources */ = {isa = PBXBuildFile; fileRef = 09F1D691110ED3AA00F50511 /* Default.png */; };
		1D3623260D0F684500981E51 /* iFrameExtractorAppDelegate.m in Sources */ = {isa = PBXBuildFile; fileRef = 1D3623250D0F684500981E51 /* iFrameExtractorAppDelegate.m */; };
		1D60589B0D05DD56006BFB54 /* main.m in Sources */ = {isa = PBXBuildFile; fileRef = 29B97316FDCFA39411CA2CEA /* main.m */; };
		1DF5F4E00D08C38300B7A737 /* UIKit.framework in Frameworks */ = {isa = PBXBuildFile; fileRef = 1DF5F4DF0D08C38300B7A737 /* UIKit.framework */; };
		288765FD0DF74451002DB57D /* CoreGraphics.framework in Frameworks */ = {isa = PBXBuildFile; fileRef = 288765FC0DF74451002DB57D /* CoreGraphics.framework */; };
		28AD733F0D9D9553002E5188 /* MainWindow.xib in Resources */ = {isa = PBXBuildFile; fileRef = 28AD733E0D9D9553002E5188 /* MainWindow.xib */; };
/* End PBXBuildFile section */

/* Begin PBXFileReference section */
		0918E6D010F839FC00300130 /* sophie.mov */ = {isa = PBXFileReference; lastKnownFileType = video.quicktime; path = sophie.mov; sourceTree = "<group>"; };
		0921E13F10FADAFB004EAA40 /* Utilities.h */ = {isa = PBXFileReference; fileEncoding = 4; lastKnownFileType = sourcecode.c.h; path = Utilities.h; sourceTree = "<group>"; };
		0921E14010FADAFB004EAA40 /* Utilities.m */ = {isa = PBXFileReference; fileEncoding = 4; lastKnownFileType = sourcecode.c.objc; path = Utilities.m; sourceTree = "<group>"; };
		0921E14410FADB97004EAA40 /* VideoFrameExtractor.h */ = {isa = PBXFileReference; fileEncoding = 4; lastKnownFileType = sourcecode.c.h; path = VideoFrameExtractor.h; sourceTree = "<group>"; };
		0921E14510FADB97004EAA40 /* VideoFrameExtractor.m */ = {isa = PBXFileReference; fileEncoding = 4; lastKnownFileType = sourcecode.c.objc; path = VideoFrameExtractor.m; sourceTree = "<group>"; };
		09A69708110EBE4100FE1DA8 /* libz.dylib */ = {isa = PBXFileReference; lastKnownFileType = "compiled.mach-o.dylib"; name = libz.dylib; path = usr/lib/libz.dylib; sourceTree = SDKROOT; };
		09AC80FF11194F0D00AA6A88 /* libavcodec.a */ = {isa = PBXFileReference; lastKnownFileType = archive.ar; name = libavcodec.a; path = lib/libavcodec.a; sourceTree = "<group>"; };
		09AC810011194F0D00AA6A88 /* libavdevice.a */ = {isa = PBXFileReference; lastKnownFileType = archive.ar; name = libavdevice.a; path = lib/libavdevice.a; sourceTree = "<group>"; };
		09AC810111194F0D00AA6A88 /* libavformat.a */ = {isa = PBXFileReference; lastKnownFileType = archive.ar; name = libavformat.a; path = lib/libavformat.a; sourceTree = "<group>"; };
		09AC810211194F0D00AA6A88 /* libavutil.a */ = {isa = PBXFileReference; lastKnownFileType = archive.ar; name = libavutil.a; path = lib/libavutil.a; sourceTree = "<group>"; };
		09AC810311194F0D00AA6A88 /* libswscale.a */ = {isa = PBXFileReference; lastKnownFileType = archive.ar; name = libswscale.a; path = lib/libswscale.a; sourceTree = "<group>"; };
		09F1D691110ED3AA00F50511 /* Default.png */ = {isa = PBXFileReference; lastKnownFileType = image.png; path = Default.png; sourceTree = "<group>"; };
		1D30AB110D05D00D00671497 /* Foundation.framework */ = {isa = PBXFileReference; lastKnownFileType = wrapper.framework; name = Foundation.framework; path = System/Library/Frameworks/Foundation.framework; sourceTree = SDKROOT; };
		1D3623240D0F684500981E51 /* iFrameExtractorAppDelegate.h */ = {isa = PBXFileReference; fileEncoding = 4; lastKnownFileType = sourcecode.c.h; path = iFrameExtractorAppDelegate.h; sourceTree = "<group>"; };
		1D3623250D0F684500981E51 /* iFrameExtractorAppDelegate.m */ = {isa = PBXFileReference; fileEncoding = 4; lastKnownFileType = sourcecode.c.objc; path = iFrameExtractorAppDelegate.m; sourceTree = "<group>"; };
		1D6058910D05DD3D006BFB54 /* iFrameExtractor.app */ = {isa = PBXFileReference; explicitFileType = wrapper.application; includeInIndex = 0; path = iFrameExtractor.app; sourceTree = BUILT_PRODUCTS_DIR; };
		1DF5F4DF0D08C38300B7A737 /* UIKit.framework */ = {isa = PBXFileReference; lastKnownFileType = wrapper.framework; name = UIKit.framework; path = System/Library/Frameworks/UIKit.framework; sourceTree = SDKROOT; };
		288765FC0DF74451002DB57D /* CoreGraphics.framework */ = {isa = PBXFileReference; lastKnownFileType = wrapper.framework; name = CoreGraphics.framework; path = System/Library/Frameworks/CoreGraphics.framework; sourceTree = SDKROOT; };
		28AD733E0D9D9553002E5188 /* MainWindow.xib */ = {isa = PBXFileReference; lastKnownFileType = file.xib; path = MainWindow.xib; sourceTree = "<group>"; };
		29B97316FDCFA39411CA2CEA /* main.m */ = {isa = PBXFileReference; fileEncoding = 4; lastKnownFileType = sourcecode.c.objc; path = main.m; sourceTree = "<group>"; };
		32CA4F630368D1EE00C91783 /* iFrameExtractor_Prefix.pch */ = {isa = PBXFileReference; fileEncoding = 4; lastKnownFileType = sourcecode.c.h; path = iFrameExtractor_Prefix.pch; sourceTree = "<group>"; };
		8D1107310486CEB800E47090 /* iFrameExtractor-Info.plist */ = {isa = PBXFileReference; fileEncoding = 4; lastKnownFileType = text.plist.xml; path = "iFrameExtractor-Info.plist"; plistStructureDefinitionIdentifier = "com.apple.xcode.plist.structure-definition.iphone.info-plist"; sourceTree = "<group>"; };
/* End PBXFileReference section */

/* Begin PBXFrameworksBuildPhase section */
		1D60588F0D05DD3D006BFB54 /* Frameworks */ = {
			isa = PBXFrameworksBuildPhase;
			buildActionMask = 2147483647;
			files = (
				09A69722110EC23900FE1DA8 /* Foundation.framework in Frameworks */,
				09A69709110EBE4100FE1DA8 /* libz.dylib in Frameworks */,
				09AC810611194F0D00AA6A88 /* libavformat.a in Frameworks */,
				288765FD0DF74451002DB57D /* CoreGraphics.framework in Frameworks */,
				1DF5F4E00D08C38300B7A737 /* UIKit.framework in Frameworks */,
				09AC810411194F0D00AA6A88 /* libavcodec.a in Frameworks */,
				09AC810511194F0D00AA6A88 /* libavdevice.a in Frameworks */,
				09AC810711194F0D00AA6A88 /* libavutil.a in Frameworks */,
				09AC810811194F0D00AA6A88 /* libswscale.a in Frameworks */,
			);
			runOnlyForDeploymentPostprocessing = 0;
		};
/* End PBXFrameworksBuildPhase section */

/* Begin PBXGroup section */
		080E96DDFE201D6D7F000001 /* Classes */ = {
			isa = PBXGroup;
			children = (
				1D3623240D0F684500981E51 /* iFrameExtractorAppDelegate.h */,
				1D3623250D0F684500981E51 /* iFrameExtractorAppDelegate.m */,
				0921E13F10FADAFB004EAA40 /* Utilities.h */,
				0921E14010FADAFB004EAA40 /* Utilities.m */,
				0921E14410FADB97004EAA40 /* VideoFrameExtractor.h */,
				0921E14510FADB97004EAA40 /* VideoFrameExtractor.m */,
			);
			path = Classes;
			sourceTree = "<group>";
		};
		0918E6C310F839A300300130 /* ffmpeg */ = {
			isa = PBXGroup;
			children = (
				09AC80FF11194F0D00AA6A88 /* libavcodec.a */,
				09AC810011194F0D00AA6A88 /* libavdevice.a */,
				09AC810111194F0D00AA6A88 /* libavformat.a */,
				09AC810211194F0D00AA6A88 /* libavutil.a */,
				09AC810311194F0D00AA6A88 /* libswscale.a */,
			);
			path = ffmpeg;
			sourceTree = "<group>";
		};
		19C28FACFE9D520D11CA2CBB /* Products */ = {
			isa = PBXGroup;
			children = (
				1D6058910D05DD3D006BFB54 /* iFrameExtractor.app */,
			);
			name = Products;
			sourceTree = "<group>";
		};
		29B97314FDCFA39411CA2CEA /* CustomTemplate */ = {
			isa = PBXGroup;
			children = (
				0918E6C310F839A300300130 /* ffmpeg */,
				080E96DDFE201D6D7F000001 /* Classes */,
				29B97315FDCFA39411CA2CEA /* Other Sources */,
				29B97317FDCFA39411CA2CEA /* Resources */,
				29B97323FDCFA39411CA2CEA /* Frameworks */,
				19C28FACFE9D520D11CA2CBB /* Products */,
			);
			name = CustomTemplate;
			sourceTree = "<group>";
		};
		29B97315FDCFA39411CA2CEA /* Other Sources */ = {
			isa = PBXGroup;
			children = (
				32CA4F630368D1EE00C91783 /* iFrameExtractor_Prefix.pch */,
				29B97316FDCFA39411CA2CEA /* main.m */,
			);
			name = "Other Sources";
			sourceTree = "<group>";
		};
		29B97317FDCFA39411CA2CEA /* Resources */ = {
			isa = PBXGroup;
			children = (
				09F1D691110ED3AA00F50511 /* Default.png */,
				0918E6D010F839FC00300130 /* sophie.mov */,
				28AD733E0D9D9553002E5188 /* MainWindow.xib */,
				8D1107310486CEB800E47090 /* iFrameExtractor-Info.plist */,
			);
			name = Resources;
			sourceTree = "<group>";
		};
		29B97323FDCFA39411CA2CEA /* Frameworks */ = {
			isa = PBXGroup;
			children = (
				1DF5F4DF0D08C38300B7A737 /* UIKit.framework */,
				1D30AB110D05D00D00671497 /* Foundation.framework */,
				288765FC0DF74451002DB57D /* CoreGraphics.framework */,
				09A69708110EBE4100FE1DA8 /* libz.dylib */,
			);
			name = Frameworks;
			sourceTree = "<group>";
		};
/* End PBXGroup section */

/* Begin PBXNativeTarget section */
		1D6058900D05DD3D006BFB54 /* iFrameExtractor */ = {
			isa = PBXNativeTarget;
			buildConfigurationList = 1D6058960D05DD3E006BFB54 /* Build configuration list for PBXNativeTarget "iFrameExtractor" */;
			buildPhases = (
				1D60588D0D05DD3D006BFB54 /* Resources */,
				1D60588E0D05DD3D006BFB54 /* Sources */,
				1D60588F0D05DD3D006BFB54 /* Frameworks */,
			);
			buildRules = (
			);
			dependencies = (
			);
			name = iFrameExtractor;
			productName = frameExtractor;
			productReference = 1D6058910D05DD3D006BFB54 /* iFrameExtractor.app */;
			productType = "com.apple.product-type.application";
		};
/* End PBXNativeTarget section */

/* Begin PBXProject section */
		29B97313FDCFA39411CA2CEA /* Project object */ = {
			isa = PBXProject;
			buildConfigurationList = C01FCF4E08A954540054247B /* Build configuration list for PBXProject "iFrameExtractor" */;
			compatibilityVersion = "Xcode 3.1";
			hasScannedForEncodings = 1;
			mainGroup = 29B97314FDCFA39411CA2CEA /* CustomTemplate */;
			projectDirPath = "";
			projectRoot = "";
			targets = (
				1D6058900D05DD3D006BFB54 /* iFrameExtractor */,
			);
		};
/* End PBXProject section */

/* Begin PBXResourcesBuildPhase section */
		1D60588D0D05DD3D006BFB54 /* Resources */ = {
			isa = PBXResourcesBuildPhase;
			buildActionMask = 2147483647;
			files = (
				28AD733F0D9D9553002E5188 /* MainWindow.xib in Resources */,
				0918E6D110F839FC00300130 /* sophie.mov in Resources */,
				09F1D692110ED3AA00F50511 /* Default.png in Resources */,
			);
			runOnlyForDeploymentPostprocessing = 0;
		};
/* End PBXResourcesBuildPhase section */

/* Begin PBXSourcesBuildPhase section */
		1D60588E0D05DD3D006BFB54 /* Sources */ = {
			isa = PBXSourcesBuildPhase;
			buildActionMask = 2147483647;
			files = (
				1D60589B0D05DD56006BFB54 /* main.m in Sources */,
				1D3623260D0F684500981E51 /* iFrameExtractorAppDelegate.m in Sources */,
				0921E14110FADAFB004EAA40 /* Utilities.m in Sources */,
				0921E14610FADB97004EAA40 /* VideoFrameExtractor.m in Sources */,
			);
			runOnlyForDeploymentPostprocessing = 0;
		};
/* End PBXSourcesBuildPhase section */

/* Begin XCBuildConfiguration section */
		1D6058940D05DD3E006BFB54 /* Debug */ = {
			isa = XCBuildConfiguration;
			buildSettings = {
				ALWAYS_SEARCH_USER_PATHS = NO;
				COPY_PHASE_STRIP = NO;
				GCC_DYNAMIC_NO_PIC = NO;
				GCC_OPTIMIZATION_LEVEL = 0;
				GCC_PRECOMPILE_PREFIX_HEADER = YES;
				GCC_PREFIX_HEADER = iFrameExtractor_Prefix.pch;
				INFOPLIST_FILE = "iFrameExtractor-Info.plist";
				LIBRARY_SEARCH_PATHS = (
					"$(inherited)",
					"\"$(SRCROOT)/ffmpeg\"",
					"\"$(SRCROOT)/ffmpeg/libavcodec\"",
					"\"$(SRCROOT)/ffmpeg/libavdevice\"",
					"\"$(SRCROOT)/ffmpeg/libavformat\"",
					"\"$(SRCROOT)/ffmpeg/libavutil\"",
					"\"$(SRCROOT)/ffmpeg/libswscale\"",
					"\"$(SRCROOT)/ffmpeg/universal\"",
					"\"$(SRCROOT)/ffmpeg/lib\"",
				);
				PRODUCT_NAME = iFrameExtractor;
			};
			name = Debug;
		};
		1D6058950D05DD3E006BFB54 /* Release */ = {
			isa = XCBuildConfiguration;
			buildSettings = {
				ALWAYS_SEARCH_USER_PATHS = NO;
				COPY_PHASE_STRIP = YES;
				GCC_PRECOMPILE_PREFIX_HEADER = YES;
				GCC_PREFIX_HEADER = iFrameExtractor_Prefix.pch;
				INFOPLIST_FILE = "iFrameExtractor-Info.plist";
				LIBRARY_SEARCH_PATHS = (
					"$(inherited)",
					"\"$(SRCROOT)/ffmpeg\"",
					"\"$(SRCROOT)/ffmpeg/libavcodec\"",
					"\"$(SRCROOT)/ffmpeg/libavdevice\"",
					"\"$(SRCROOT)/ffmpeg/libavformat\"",
					"\"$(SRCROOT)/ffmpeg/libavutil\"",
					"\"$(SRCROOT)/ffmpeg/libswscale\"",
					"\"$(SRCROOT)/ffmpeg/universal\"",
					"\"$(SRCROOT)/ffmpeg/lib\"",
				);
				PRODUCT_NAME = iFrameExtractor;
			};
			name = Release;
		};
		C01FCF4F08A954540054247B /* Debug */ = {
			isa = XCBuildConfiguration;
			buildSettings = {
				ARCHS = "$(ARCHS_UNIVERSAL_IPHONE_OS)";
				"CODE_SIGN_IDENTITY[sdk=iphoneos*]" = "iPhone Developer";
				GCC_C_LANGUAGE_STANDARD = c99;
				GCC_WARN_ABOUT_RETURN_TYPE = YES;
				GCC_WARN_UNUSED_VARIABLE = YES;
				HEADER_SEARCH_PATHS = ./ffmpeg;
				PREBINDING = NO;
				SDKROOT = iphoneos3.1.2;
			};
			name = Debug;
		};
		C01FCF5008A954540054247B /* Release */ = {
			isa = XCBuildConfiguration;
			buildSettings = {
				ARCHS = "$(ARCHS_UNIVERSAL_IPHONE_OS)";
				"CODE_SIGN_IDENTITY[sdk=iphoneos*]" = "iPhone Developer";
				GCC_C_LANGUAGE_STANDARD = c99;
				GCC_WARN_ABOUT_RETURN_TYPE = YES;
				GCC_WARN_UNUSED_VARIABLE = YES;
				HEADER_SEARCH_PATHS = ./ffmpeg;
				PREBINDING = NO;
				SDKROOT = iphoneos3.1.2;
			};
			name = Release;
		};
/* End XCBuildConfiguration section */

/* Begin XCConfigurationList section */
		1D6058960D05DD3E006BFB54 /* Build configuration list for PBXNativeTarget "iFrameExtractor" */ = {
			isa = XCConfigurationList;
			buildConfigurations = (
				1D6058940D05DD3E006BFB54 /* Debug */,
				1D6058950D05DD3E006BFB54 /* Release */,
			);
			defaultConfigurationIsVisible = 0;
			defaultConfigurationName = Release;
		};
		C01FCF4E08A954540054247B /* Build configuration list for PBXProject "iFrameExtractor" */ = {
			isa = XCConfigurationList;
			buildConfigurations = (
				C01FCF4F08A954540054247B /* Debug */,
				C01FCF5008A954540054247B /* Release */,
			);
			defaultConfigurationIsVisible = 0;
			defaultConfigurationName = Release;
		};
/* End XCConfigurationList section */
	};
	rootObject = 29B97313FDCFA39411CA2CEA /* Project object */;
}
